
Microsoft Visual Studio Solution File, Format Version 12.00
# Visual Studio 14
VisualStudioVersion = 14.0.25123.0
MinimumVisualStudioVersion = 10.0.40219.1
Project("{8BC9CEB8-8B4A-11D0-8D11-00A0C91BC942}") = "S-GUI", "S-GUI\S-GUI.vcxproj", "{F9877586-BB10-40F3-AEE1-74DB4CE3A561}"
EndProject
Global
	GlobalSection(SolutionConfigurationPlatforms) = preSolution
		Debug|Win32 = Debug|Win32
		Release|Win32 = Release|Win32
	EndGlobalSection
	GlobalSection(ProjectConfigurationPlatforms) = postSolution
		{F9877586-BB10-40F3-AEE1-74DB4CE3A561}.Debug|Win32.ActiveCfg = Debug|Win32
		{F9877586-BB10-40F3-AEE1-74DB4CE3A561}.Debug|Win32.Build.0 = Debug|Win32
		{F9877586-BB10-40F3-AEE1-74DB4CE3A561}.Debug|Win32.Deploy.0 = Debug|Win32
		{F9877586-BB10-40F3-AEE1-74DB4CE3A561}.Release|Win32.ActiveCfg = Release|Win32
		{F9877586-BB10-40F3-AEE1-74DB4CE3A561}.Release|Win32.Build.0 = Release|Win32
	EndGlobalSection
	GlobalSection(SolutionProperties) = preSolution
		HideSolutionNode = FALSE
	EndGlobalSection
EndGlobal
