<?xml version="1.0" encoding="utf-8"?>
<Project ToolsVersion="4.0" xmlns="http://schemas.microsoft.com/developer/msbuild/2003">
  <ItemGroup>
    <Filter Include="源文件">
      <UniqueIdentifier>{4FC737F1-C7A5-4376-A066-2A32D752A2FF}</UniqueIdentifier>
      <Extensions>cpp;c;cc;cxx;def;odl;idl;hpj;bat;asm;asmx</Extensions>
    </Filter>
    <Filter Include="头文件">
      <UniqueIdentifier>{93995380-89BD-4b04-88EB-625FBE52EBFB}</UniqueIdentifier>
      <Extensions>h;hh;hpp;hxx;hm;inl;inc;xsd</Extensions>
    </Filter>
    <Filter Include="资源文件">
      <UniqueIdentifier>{67DA6AB6-F800-4c08-8B7A-83BB121AAD01}</UniqueIdentifier>
      <Extensions>rc;ico;cur;bmp;dlg;rc2;rct;bin;rgs;gif;jpg;jpeg;jpe;resx;tiff;tif;png;wav;mfcribbon-ms</Extensions>
    </Filter>
    <Filter Include="源文件\S-GUI">
      <UniqueIdentifier>{7e717a84-0a30-4d84-a1cd-0ba400bd746a}</UniqueIdentifier>
    </Filter>
    <Filter Include="头文件\S-GUI">
      <UniqueIdentifier>{762f90dc-ac44-40ee-b913-91285423e107}</UniqueIdentifier>
    </Filter>
    <Filter Include="源文件\S-GUI\Config">
      <UniqueIdentifier>{89136ba1-266c-4fad-9a48-a7b7cab4f7fa}</UniqueIdentifier>
    </Filter>
    <Filter Include="源文件\S-GUI\Core">
      <UniqueIdentifier>{a3cc44a1-4d48-4779-b350-7b14f5fe0da6}</UniqueIdentifier>
    </Filter>
    <Filter Include="源文件\S-GUI\Widget">
      <UniqueIdentifier>{69c1625c-103b-4543-98b3-d4357d938488}</UniqueIdentifier>
    </Filter>
    <Filter Include="头文件\S-GUI\Config">
      <UniqueIdentifier>{d83552bf-a305-41d5-bcdb-3a0bfa87444b}</UniqueIdentifier>
    </Filter>
    <Filter Include="头文件\S-GUI\Core">
      <UniqueIdentifier>{d688508e-c2a9-4a58-b9c1-a08acea5fea7}</UniqueIdentifier>
    </Filter>
    <Filter Include="头文件\S-GUI\Widget">
      <UniqueIdentifier>{04e78e95-f86a-4675-959a-157ed0588d03}</UniqueIdentifier>
    </Filter>
    <Filter Include="源文件\S-GUI\Fonts">
      <UniqueIdentifier>{b3c913d0-cdbd-4080-83b1-01b7ec5f1d19}</UniqueIdentifier>
    </Filter>
    <Filter Include="头文件\S-GUI\Fonts">
      <UniqueIdentifier>{169e0eb1-5c8a-4f84-bff2-6bbd67c66dcf}</UniqueIdentifier>
    </Filter>
    <Filter Include="头文件\App">
      <UniqueIdentifier>{5417f0da-f7ff-414a-a5b3-5dbea4944a71}</UniqueIdentifier>
    </Filter>
    <Filter Include="源文件\App">
      <UniqueIdentifier>{e1bb6d7e-2072-4c57-a1c4-e5bc244a3f79}</UniqueIdentifier>
    </Filter>
  </ItemGroup>
  <ItemGroup>
    <ClInclude Include="GUI\Config\GUI_Botton.h">
      <Filter>头文件\S-GUI\Config</Filter>
    </ClInclude>
    <ClInclude Include="GUI\Config\GUI_Config.h">
      <Filter>头文件\S-GUI\Config</Filter>
    </ClInclude>
    <ClInclude Include="GUI\Config\GUI_Typedef.h">
      <Filter>头文件\S-GUI\Config</Filter>
    </ClInclude>
    <ClInclude Include="GUI\Core\inc\GUI.h">
      <Filter>头文件\S-GUI\Core</Filter>
    </ClInclude>
    <ClInclude Include="GUI\Core\inc\GUI_2D.h">
      <Filter>头文件\S-GUI\Core</Filter>
    </ClInclude>
    <ClInclude Include="GUI\Core\inc\GUI_Bitmap.h">
      <Filter>头文件\S-GUI\Core</Filter>
    </ClInclude>
    <ClInclude Include="GUI\Core\inc\GUI_Core.h">
      <Filter>头文件\S-GUI\Core</Filter>
    </ClInclude>
    <ClInclude Include="GUI\Core\inc\GUI_KeyBoard.h">
      <Filter>头文件\S-GUI\Core</Filter>
    </ClInclude>
    <ClInclude Include="GUI\Core\inc\GUI_Queue.h">
      <Filter>头文件\S-GUI\Core</Filter>
    </ClInclude>
    <ClInclude Include="GUI\Core\inc\GUI_Rect.h">
      <Filter>头文件\S-GUI\Core</Filter>
    </ClInclude>
    <ClInclude Include="GUI\Core\inc\GUI_Timer.h">
      <Filter>头文件\S-GUI\Core</Filter>
    </ClInclude>
    <ClInclude Include="GUI\Core\inc\GUI_TouchPad.h">
      <Filter>头文件\S-GUI\Core</Filter>
    </ClInclude>
    <ClInclude Include="GUI\Core\inc\GUI_WM.h">
      <Filter>头文件\S-GUI\Core</Filter>
    </ClInclude>
    <ClInclude Include="GUI\Core\inc\linked_list.h">
      <Filter>头文件\S-GUI\Core</Filter>
    </ClInclude>
    <ClInclude Include="GUI\Widget\BUTTON.h">
      <Filter>头文件\S-GUI\Widget</Filter>
    </ClInclude>
    <ClInclude Include="GUI\Widget\WIDGET.h">
      <Filter>头文件\S-GUI\Widget</Filter>
    </ClInclude>
    <ClInclude Include="GUI\Widget\WINDOW.h">
      <Filter>头文件\S-GUI\Widget</Filter>
    </ClInclude>
    <ClInclude Include="GUI\Core\inc\GUI_String.h">
      <Filter>头文件\S-GUI\Core</Filter>
    </ClInclude>
    <ClInclude Include="GUI\Fonts\GUI_Font.h">
      <Filter>头文件\S-GUI\Fonts</Filter>
    </ClInclude>
    <ClInclude Include="GUI\Core\inc\GUI_Device.h">
      <Filter>头文件\S-GUI\Core</Filter>
    </ClInclude>
    <ClInclude Include="GUI\Core\inc\GUI_Malloc.h">
      <Filter>头文件\S-GUI\Core</Filter>
    </ClInclude>
    <ClInclude Include="GUI\Core\inc\RootWindow.h">
      <Filter>头文件\S-GUI\Core</Filter>
    </ClInclude>
    <ClInclude Include="GUI\Core\inc\GUI_Text.h">
      <Filter>头文件\S-GUI\Core</Filter>
    </ClInclude>
    <ClInclude Include="App\Bitmap.h">
      <Filter>头文件\App</Filter>
    </ClInclude>
    <ClInclude Include="App\game.h">
      <Filter>头文件\App</Filter>
    </ClInclude>
    <ClInclude Include="App\GUI_Test.h">
      <Filter>头文件\App</Filter>
    </ClInclude>
    <ClInclude Include="App\sdlscreen.h">
      <Filter>头文件\App</Filter>
    </ClInclude>
  </ItemGroup>
  <ItemGroup>
    <ClCompile Include="GUI\Config\GUI_Botton.c">
      <Filter>源文件\S-GUI\Config</Filter>
    </ClCompile>
    <ClCompile Include="GUI\Core\src\GUI_2D.c">
      <Filter>源文件\S-GUI\Core</Filter>
    </ClCompile>
    <ClCompile Include="GUI\Core\src\GUI_Bitmap.c">
      <Filter>源文件\S-GUI\Core</Filter>
    </ClCompile>
    <ClCompile Include="GUI\Core\src\GUI_Core.c">
      <Filter>源文件\S-GUI\Core</Filter>
    </ClCompile>
    <ClCompile Include="GUI\Core\src\GUI_KeyBoard.c">
      <Filter>源文件\S-GUI\Core</Filter>
    </ClCompile>
    <ClCompile Include="GUI\Core\src\GUI_Queue.c">
      <Filter>源文件\S-GUI\Core</Filter>
    </ClCompile>
    <ClCompile Include="GUI\Core\src\GUI_Rect.c">
      <Filter>源文件\S-GUI\Core</Filter>
    </ClCompile>
    <ClCompile Include="GUI\Core\src\GUI_Timer.c">
      <Filter>源文件\S-GUI\Core</Filter>
    </ClCompile>
    <ClCompile Include="GUI\Core\src\GUI_TouchPad.c">
      <Filter>源文件\S-GUI\Core</Filter>
    </ClCompile>
    <ClCompile Include="GUI\Core\src\GUI_WM.c">
      <Filter>源文件\S-GUI\Core</Filter>
    </ClCompile>
    <ClCompile Include="GUI\Core\src\linked_list.c">
      <Filter>源文件\S-GUI\Core</Filter>
    </ClCompile>
    <ClCompile Include="GUI\Core\src\RootWindow.c">
      <Filter>源文件\S-GUI\Core</Filter>
    </ClCompile>
    <ClCompile Include="GUI\Widget\BUTTON.c">
      <Filter>源文件\S-GUI\Widget</Filter>
    </ClCompile>
    <ClCompile Include="GUI\Widget\WINDOW.c">
      <Filter>源文件\S-GUI\Widget</Filter>
    </ClCompile>
    <ClCompile Include="GUI\Core\src\GUI_String.c">
      <Filter>源文件\S-GUI\Core</Filter>
    </ClCompile>
    <ClCompile Include="GUI\Fonts\ASCII_8x16_font.c">
      <Filter>源文件\S-GUI\Fonts</Filter>
    </ClCompile>
    <ClCompile Include="GUI\Fonts\UI17_4pp.c">
      <Filter>源文件\S-GUI\Fonts</Filter>
    </ClCompile>
    <ClCompile Include="GUI\Core\src\GUI_Device.c">
      <Filter>源文件\S-GUI\Core</Filter>
    </ClCompile>
    <ClCompile Include="GUI\Core\src\GUI_Malloc.c">
      <Filter>源文件\S-GUI\Core</Filter>
    </ClCompile>
    <ClCompile Include="GUI\Widget\WIDGET.c">
      <Filter>源文件\S-GUI\Widget</Filter>
    </ClCompile>
    <ClCompile Include="GUI\Core\src\GUI_Text.c">
      <Filter>源文件\S-GUI\Core</Filter>
    </ClCompile>
    <ClCompile Include="App\game.c">
      <Filter>源文件\App</Filter>
    </ClCompile>
    <ClCompile Include="App\GUI_Test.c">
      <Filter>源文件\App</Filter>
    </ClCompile>
    <ClCompile Include="App\main.c">
      <Filter>源文件\App</Filter>
    </ClCompile>
    <ClCompile Include="App\pic_rootwin.c">
      <Filter>源文件\App</Filter>
    </ClCompile>
    <ClCompile Include="App\sdlscreen.c">
      <Filter>源文件\App</Filter>
    </ClCompile>
  </ItemGroup>
  <ItemGroup>
    <Text Include="ReadMe.txt">
      <Filter>资源文件</Filter>
    </Text>
    <Text Include="LICENSE.txt">
      <Filter>资源文件</Filter>
    </Text>
  </ItemGroup>
  <ItemGroup>
    <None Include="..\README.md">
      <Filter>资源文件</Filter>
    </None>
  </ItemGroup>
</Project>